
Microsoft Visual Studio Solution File, Format Version 12.00
# Visual Studio Version 17
VisualStudioVersion = 17.5.33502.453
MinimumVisualStudioVersion = 10.0.40219.1
Project("{8BC9CEB8-8B4A-11D0-8D11-00A0C91BC942}") = "AutoClicker", "AutoClicker\AutoClicker.vcxproj", "{19E215C3-E750-4FBE-A935-0C3CF9CB1877}"
EndProject
Global
	GlobalSection(SolutionConfigurationPlatforms) = preSolution
		Debug|x64 = Debug|x64
		Debug|x86 = Debug|x86
		Release|x64 = Release|x64
		Release|x86 = Release|x86
	EndGlobalSection
	GlobalSection(ProjectConfigurationPlatforms) = postSolution
		{19E215C3-E750-4FBE-A935-0C3CF9CB1877}.Debug|x64.ActiveCfg = Debug|x64
		{19E215C3-E750-4FBE-A935-0C3CF9CB1877}.Debug|x64.Build.0 = Debug|x64
		{19E215C3-E750-4FBE-A935-0C3CF9CB1877}.Debug|x86.ActiveCfg = Debug|Win32
		{19E215C3-E750-4FBE-A935-0C3CF9CB1877}.Debug|x86.Build.0 = Debug|Win32
		{19E215C3-E750-4FBE-A935-0C3CF9CB1877}.Release|x64.ActiveCfg = Release|x64
		{19E215C3-E750-4FBE-A935-0C3CF9CB1877}.Release|x64.Build.0 = Release|x64
		{19E215C3-E750-4FBE-A935-0C3CF9CB1877}.Release|x86.ActiveCfg = Release|Win32
		{19E215C3-E750-4FBE-A935-0C3CF9CB1877}.Release|x86.Build.0 = Release|Win32
	EndGlobalSection
	GlobalSection(SolutionProperties) = preSolution
		HideSolutionNode = FALSE
	EndGlobalSection
	GlobalSection(ExtensibilityGlobals) = postSolution
		SolutionGuid = {297CC975-733E-4C52-8128-8CE66D27C499}
	EndGlobalSection
EndGlobal
